Microsoft Visual Studio Solution File, Format Version 12.00
# Visual Studio Version 17
VisualStudioVersion = 17.5.2.0
MinimumVisualStudioVersion = 10.0.40219.1
Project("{FAE04EC0-301F-11D3-BF4B-00C04F79EFBC}") = "OntechSolution.Site", "OntechSolution.Site\OntechSolution.Site.csproj", "{210B2012-97B3-BF83-F215-12032E5E427D}"
EndProject
Global
	GlobalSection(SolutionConfigurationPlatforms) = preSolution
		Debug|Any CPU = Debug|Any CPU
		Release|Any CPU = Release|Any CPU
	EndGlobalSection
	GlobalSection(ProjectConfigurationPlatforms) = postSolution
		{210B2012-97B3-BF83-F215-12032E5E427D}.Debug|Any CPU.ActiveCfg = Debug|Any CPU
		{210B2012-97B3-BF83-F215-12032E5E427D}.Debug|Any CPU.Build.0 = Debug|Any CPU
		{210B2012-97B3-BF83-F215-12032E5E427D}.Release|Any CPU.ActiveCfg = Release|Any CPU
		{210B2012-97B3-BF83-F215-12032E5E427D}.Release|Any CPU.Build.0 = Release|Any CPU
	EndGlobalSection
	GlobalSection(SolutionProperties) = preSolution
		HideSolutionNode = FALSE
	EndGlobalSection
	GlobalSection(ExtensibilityGlobals) = postSolution
		SolutionGuid = {9C4B719C-DC18-438E-BA83-F67B49647FCF}
	EndGlobalSection
EndGlobal
